<Solution>
  <Folder Name="/src/">
    <Project Path="src/BizScraper.Api/BizScraper.Api.csproj" />
  </Folder>
  <Folder Name="/tests/">
    <Project Path="tests/BizScraper.EndToEndTests/BizScraper.EndToEndTests.csproj" />
    <Project Path="tests/BizScraper.IntegrationTests/BizScraper.IntegrationTests.csproj" />
    <Project Path="tests/BizScraper.UnitTests/BizScraper.UnitTests.csproj" />
  </Folder>
</Solution>
